
Microsoft Visual Studio Solution File, Format Version 12.00
# Visual Studio Version 17
VisualStudioVersion = 17.0.31903.59
MinimumVisualStudioVersion = 10.0.40219.1
Project("{9A19103F-16F7-4668-BE54-9A1E7A4F7556}") = "Lumin.MQ", "Lumin.MQ\Lumin.MQ.csproj", "{5CD53EBC-70F9-4C0E-ABAE-8E7563507B53}"
EndProject
Project("{9A19103F-16F7-4668-BE54-9A1E7A4F7556}") = "Lumin.MQ.Solace", "Lumin.MQ.Solace\Lumin.MQ.Solace.csproj", "{F0F33E6E-BEBA-4139-BC86-4A42D860AFBA}"
EndProject
Project("{9A19103F-16F7-4668-BE54-9A1E7A4F7556}") = "Lumin.MQ.Sample", "Lumin.MQ.Sample\Lumin.MQ.Sample.csproj", "{C9759330-6AB3-4FF5-AA2E-B05359DDAAF2}"
EndProject
Global
	GlobalSection(SolutionConfigurationPlatforms) = preSolution
		Debug|Any CPU = Debug|Any CPU
		Release|Any CPU = Release|Any CPU
	EndGlobalSection
	GlobalSection(ProjectConfigurationPlatforms) = postSolution
		{5CD53EBC-70F9-4C0E-ABAE-8E7563507B53}.Debug|Any CPU.ActiveCfg = Debug|Any CPU
		{5CD53EBC-70F9-4C0E-ABAE-8E7563507B53}.Debug|Any CPU.Build.0 = Debug|Any CPU
		{5CD53EBC-70F9-4C0E-ABAE-8E7563507B53}.Release|Any CPU.ActiveCfg = Release|Any CPU
		{5CD53EBC-70F9-4C0E-ABAE-8E7563507B53}.Release|Any CPU.Build.0 = Release|Any CPU
		{F0F33E6E-BEBA-4139-BC86-4A42D860AFBA}.Debug|Any CPU.ActiveCfg = Debug|Any CPU
		{F0F33E6E-BEBA-4139-BC86-4A42D860AFBA}.Debug|Any CPU.Build.0 = Debug|Any CPU
		{F0F33E6E-BEBA-4139-BC86-4A42D860AFBA}.Release|Any CPU.ActiveCfg = Release|Any CPU
		{F0F33E6E-BEBA-4139-BC86-4A42D860AFBA}.Release|Any CPU.Build.0 = Release|Any CPU
		{C9759330-6AB3-4FF5-AA2E-B05359DDAAF2}.Debug|Any CPU.ActiveCfg = Debug|Any CPU
		{C9759330-6AB3-4FF5-AA2E-B05359DDAAF2}.Debug|Any CPU.Build.0 = Debug|Any CPU
		{C9759330-6AB3-4FF5-AA2E-B05359DDAAF2}.Release|Any CPU.ActiveCfg = Release|Any CPU
		{C9759330-6AB3-4FF5-AA2E-B05359DDAAF2}.Release|Any CPU.Build.0 = Release|Any CPU
	EndGlobalSection
	GlobalSection(SolutionProperties) = preSolution
		HideSolutionNode = FALSE
	EndGlobalSection
	GlobalSection(ExtensibilityGlobals) = postSolution
		SolutionGuid = {44823B21-652D-4FEB-B734-FB15536BE6C6}
	EndGlobalSection
EndGlobal
