
Microsoft Visual Studio Solution File, Format Version 12.00
# Visual Studio Version 17
VisualStudioVersion = 17.0.31903.59
MinimumVisualStudioVersion = 10.0.40219.1
Project("{9A19103F-16F7-4668-BE54-9A1E7A4F7556}") = "Lumin.MQ", "Lumin.MQ\Lumin.MQ.csproj", "{5CD53EBC-70F9-4C0E-ABAE-8E7563507B53}"
EndProject
Project("{9A19103F-16F7-4668-BE54-9A1E7A4F7556}") = "Lumin.MQ.Solace", "Lumin.MQ.Solace\Lumin.MQ.Solace.csproj", "{F0F33E6E-BEBA-4139-BC86-4A42D860AFBA}"
EndProject
Project("{9A19103F-16F7-4668-BE54-9A1E7A4F7556}") = "Lumin.MQ.Sample", "Lumin.MQ.Sample\Lumin.MQ.Sample.csproj", "{C9759330-6AB3-4FF5-AA2E-B05359DDAAF2}"
EndProject
Project("{9A19103F-16F7-4668-BE54-9A1E7A4F7556}") = "Lumin.MQ.Rabbit", "Lumin.MQ.Rabbit\Lumin.MQ.Rabbit.csproj", "{CEA81280-50C0-4FD8-A113-7AF2C995E6F5}"
EndProject
Project("{9A19103F-16F7-4668-BE54-9A1E7A4F7556}") = "Lumin.MQ.Core", "Lumin.MQ.Core\Lumin.MQ.Core.csproj", "{20E0D26B-1FB2-4A3F-A549-D4A84846CF13}"
EndProject
Project("{9A19103F-16F7-4668-BE54-9A1E7A4F7556}") = "Lumin.MQ.Rabbit.WebSample", "Lumin.MQ.Rabbit.WebSample\Lumin.MQ.Rabbit.WebSample.csproj", "{36EE67AC-2A1E-49D3-BE50-0BCE5FF71B14}"
EndProject
Project("{FAE04EC0-301F-11D3-BF4B-00C04F79EFBC}") = "Lumin.MQ.Rabbit.WorkerSample", "Lumin.MQ.Rabbit.WorkerSample\Lumin.MQ.Rabbit.WorkerSample.csproj", "{3A937F16-47AF-4989-A1D4-C25A4B0706B5}"
EndProject
Global
	GlobalSection(SolutionConfigurationPlatforms) = preSolution
		Debug|Any CPU = Debug|Any CPU
		Release|Any CPU = Release|Any CPU
	EndGlobalSection
	GlobalSection(ProjectConfigurationPlatforms) = postSolution
		{5CD53EBC-70F9-4C0E-ABAE-8E7563507B53}.Debug|Any CPU.ActiveCfg = Debug|Any CPU
		{5CD53EBC-70F9-4C0E-ABAE-8E7563507B53}.Debug|Any CPU.Build.0 = Debug|Any CPU
		{5CD53EBC-70F9-4C0E-ABAE-8E7563507B53}.Release|Any CPU.ActiveCfg = Release|Any CPU
		{5CD53EBC-70F9-4C0E-ABAE-8E7563507B53}.Release|Any CPU.Build.0 = Release|Any CPU
		{F0F33E6E-BEBA-4139-BC86-4A42D860AFBA}.Debug|Any CPU.ActiveCfg = Debug|Any CPU
		{F0F33E6E-BEBA-4139-BC86-4A42D860AFBA}.Debug|Any CPU.Build.0 = Debug|Any CPU
		{F0F33E6E-BEBA-4139-BC86-4A42D860AFBA}.Release|Any CPU.ActiveCfg = Release|Any CPU
		{F0F33E6E-BEBA-4139-BC86-4A42D860AFBA}.Release|Any CPU.Build.0 = Release|Any CPU
		{C9759330-6AB3-4FF5-AA2E-B05359DDAAF2}.Debug|Any CPU.ActiveCfg = Debug|Any CPU
		{C9759330-6AB3-4FF5-AA2E-B05359DDAAF2}.Debug|Any CPU.Build.0 = Debug|Any CPU
		{C9759330-6AB3-4FF5-AA2E-B05359DDAAF2}.Release|Any CPU.ActiveCfg = Release|Any CPU
		{C9759330-6AB3-4FF5-AA2E-B05359DDAAF2}.Release|Any CPU.Build.0 = Release|Any CPU
		{CEA81280-50C0-4FD8-A113-7AF2C995E6F5}.Debug|Any CPU.ActiveCfg = Debug|Any CPU
		{CEA81280-50C0-4FD8-A113-7AF2C995E6F5}.Debug|Any CPU.Build.0 = Debug|Any CPU
		{CEA81280-50C0-4FD8-A113-7AF2C995E6F5}.Release|Any CPU.ActiveCfg = Release|Any CPU
		{CEA81280-50C0-4FD8-A113-7AF2C995E6F5}.Release|Any CPU.Build.0 = Release|Any CPU
		{20E0D26B-1FB2-4A3F-A549-D4A84846CF13}.Debug|Any CPU.ActiveCfg = Debug|Any CPU
		{20E0D26B-1FB2-4A3F-A549-D4A84846CF13}.Debug|Any CPU.Build.0 = Debug|Any CPU
		{20E0D26B-1FB2-4A3F-A549-D4A84846CF13}.Release|Any CPU.ActiveCfg = Release|Any CPU
		{20E0D26B-1FB2-4A3F-A549-D4A84846CF13}.Release|Any CPU.Build.0 = Release|Any CPU
		{36EE67AC-2A1E-49D3-BE50-0BCE5FF71B14}.Debug|Any CPU.ActiveCfg = Debug|Any CPU
		{36EE67AC-2A1E-49D3-BE50-0BCE5FF71B14}.Debug|Any CPU.Build.0 = Debug|Any CPU
		{36EE67AC-2A1E-49D3-BE50-0BCE5FF71B14}.Release|Any CPU.ActiveCfg = Release|Any CPU
		{36EE67AC-2A1E-49D3-BE50-0BCE5FF71B14}.Release|Any CPU.Build.0 = Release|Any CPU
		{3A937F16-47AF-4989-A1D4-C25A4B0706B5}.Debug|Any CPU.ActiveCfg = Debug|Any CPU
		{3A937F16-47AF-4989-A1D4-C25A4B0706B5}.Debug|Any CPU.Build.0 = Debug|Any CPU
		{3A937F16-47AF-4989-A1D4-C25A4B0706B5}.Release|Any CPU.ActiveCfg = Release|Any CPU
		{3A937F16-47AF-4989-A1D4-C25A4B0706B5}.Release|Any CPU.Build.0 = Release|Any CPU
	EndGlobalSection
	GlobalSection(SolutionProperties) = preSolution
		HideSolutionNode = FALSE
	EndGlobalSection
	GlobalSection(ExtensibilityGlobals) = postSolution
		SolutionGuid = {44823B21-652D-4FEB-B734-FB15536BE6C6}
	EndGlobalSection
EndGlobal
